// !$*UTF8*$!
{
	archiveVersion = 1;
	classes = {
	};
	objectVersion = 46;
	objects = {

/* Begin PBXBuildFile section */
		13E072B61F1D3F39000421B6 /* GoSetDTViewController.swift in Sources */ = {isa = PBXBuildFile; fileRef = 13E072B51F1D3F39000421B6 /* GoSetDTViewController.swift */; };
		13E072B81F1D5805000421B6 /* GoSetTimeViewController.swift in Sources */ = {isa = PBXBuildFile; fileRef = 13E072B71F1D5805000421B6 /* GoSetTimeViewController.swift */; };
		13EAFB4E1F12874A0039D016 /* CoreLocation.framework in Frameworks */ = {isa = PBXBuildFile; fileRef = 13EAFB4D1F12874A0039D016 /* CoreLocation.framework */; };
		13FC86381EFB1A3D006A1E7E /* AppDelegate.swift in Sources */ = {isa = PBXBuildFile; fileRef = 13FC86371EFB1A3D006A1E7E /* AppDelegate.swift */; };
		13FC86401EFB1A3D006A1E7E /* Movie_Helper.xcdatamodeld in Sources */ = {isa = PBXBuildFile; fileRef = 13FC863E1EFB1A3D006A1E7E /* Movie_Helper.xcdatamodeld */; };
		13FC86421EFB1A3D006A1E7E /* Assets.xcassets in Resources */ = {isa = PBXBuildFile; fileRef = 13FC86411EFB1A3D006A1E7E /* Assets.xcassets */; };
		13FC86451EFB1A3D006A1E7E /* LaunchScreen.storyboard in Resources */ = {isa = PBXBuildFile; fileRef = 13FC86431EFB1A3D006A1E7E /* LaunchScreen.storyboard */; };
		13FC864D1EFB2DBF006A1E7E /* MovieTableViewController.swift in Sources */ = {isa = PBXBuildFile; fileRef = 13FC864C1EFB2DBF006A1E7E /* MovieTableViewController.swift */; };
		13FC864F1EFB3054006A1E7E /* MovieTableViewCell.swift in Sources */ = {isa = PBXBuildFile; fileRef = 13FC864E1EFB3054006A1E7E /* MovieTableViewCell.swift */; };
		13FC86511EFB3145006A1E7E /* Movie.swift in Sources */ = {isa = PBXBuildFile; fileRef = 13FC86501EFB3145006A1E7E /* Movie.swift */; };
		13FC86801F040F0B006A1E7E /* Main.storyboard in Resources */ = {isa = PBXBuildFile; fileRef = 13FC867E1F040F0B006A1E7E /* Main.storyboard */; };
		13FC86821F041B63006A1E7E /* MovieDetailViewController.swift in Sources */ = {isa = PBXBuildFile; fileRef = 13FC86811F041B63006A1E7E /* MovieDetailViewController.swift */; };
		13FC86841F042011006A1E7E /* MovieDetailTableViewCell.swift in Sources */ = {isa = PBXBuildFile; fileRef = 13FC86831F042011006A1E7E /* MovieDetailTableViewCell.swift */; };
		13FC86861F04868C006A1E7E /* CityTableViewController.swift in Sources */ = {isa = PBXBuildFile; fileRef = 13FC86851F04868C006A1E7E /* CityTableViewController.swift */; };
		13FC868A1F049396006A1E7E /* TimetableTableViewController.swift in Sources */ = {isa = PBXBuildFile; fileRef = 13FC86891F049396006A1E7E /* TimetableTableViewController.swift */; };
		13FC868C1F0D2EE0006A1E7E /* MovieDetailMoreTableViewController.swift in Sources */ = {isa = PBXBuildFile; fileRef = 13FC868B1F0D2EDF006A1E7E /* MovieDetailMoreTableViewController.swift */; };
		13FC868E1F0D387E006A1E7E /* MovieDetailMoreTableViewCell.swift in Sources */ = {isa = PBXBuildFile; fileRef = 13FC868D1F0D387E006A1E7E /* MovieDetailMoreTableViewCell.swift */; };
		13FC86901F0E6F74006A1E7E /* Choose.swift in Sources */ = {isa = PBXBuildFile; fileRef = 13FC868F1F0E6F74006A1E7E /* Choose.swift */; };
		13FC86921F0E8643006A1E7E /* Theater.swift in Sources */ = {isa = PBXBuildFile; fileRef = 13FC86911F0E8643006A1E7E /* Theater.swift */; };
		13FC86941F0E88D8006A1E7E /* City.swift in Sources */ = {isa = PBXBuildFile; fileRef = 13FC86931F0E88D8006A1E7E /* City.swift */; };
		13FC86981F0F76E6006A1E7E /* MovieVersionTableViewController.swift in Sources */ = {isa = PBXBuildFile; fileRef = 13FC86971F0F76E6006A1E7E /* MovieVersionTableViewController.swift */; };
		13FC869C1F0F84DD006A1E7E /* MapViewController.swift in Sources */ = {isa = PBXBuildFile; fileRef = 13FC869B1F0F84DD006A1E7E /* MapViewController.swift */; };
		13FC869E1F10C1E3006A1E7E /* TheaterChooserViewController.swift in Sources */ = {isa = PBXBuildFile; fileRef = 13FC869D1F10C1E3006A1E7E /* TheaterChooserViewController.swift */; };
		13FC86A01F113366006A1E7E /* TimetableViewController.swift in Sources */ = {isa = PBXBuildFile; fileRef = 13FC869F1F113366006A1E7E /* TimetableViewController.swift */; };
		13FC86A21F115311006A1E7E /* TimetableTableViewCell.swift in Sources */ = {isa = PBXBuildFile; fileRef = 13FC86A11F115311006A1E7E /* TimetableTableViewCell.swift */; };
		13FC86A41F120D8A006A1E7E /* Timetable.swift in Sources */ = {isa = PBXBuildFile; fileRef = 13FC86A31F120D8A006A1E7E /* Timetable.swift */; };
/* End PBXBuildFile section */

/* Begin PBXFileReference section */
		13E072B51F1D3F39000421B6 /* GoSetDTViewController.swift */ = {isa = PBXFileReference; fileEncoding = 4; lastKnownFileType = sourcecode.swift; path = GoSetDTViewController.swift; sourceTree = "<group>"; };
		13E072B71F1D5805000421B6 /* GoSetTimeViewController.swift */ = {isa = PBXFileReference; fileEncoding = 4; lastKnownFileType = sourcecode.swift; path = GoSetTimeViewController.swift; sourceTree = "<group>"; };
		13EAFB4D1F12874A0039D016 /* CoreLocation.framework */ = {isa = PBXFileReference; lastKnownFileType = wrapper.framework; name = CoreLocation.framework; path = System/Library/Frameworks/CoreLocation.framework; sourceTree = SDKROOT; };
		13FC86341EFB1A3D006A1E7E /* Movie Helper.app */ = {isa = PBXFileReference; explicitFileType = wrapper.application; includeInIndex = 0; path = "Movie Helper.app"; sourceTree = BUILT_PRODUCTS_DIR; };
		13FC86371EFB1A3D006A1E7E /* AppDelegate.swift */ = {isa = PBXFileReference; lastKnownFileType = sourcecode.swift; path = AppDelegate.swift; sourceTree = "<group>"; };
		13FC863F1EFB1A3D006A1E7E /* Movie_Helper.xcdatamodel */ = {isa = PBXFileReference; lastKnownFileType = wrapper.xcdatamodel; path = Movie_Helper.xcdatamodel; sourceTree = "<group>"; };
		13FC86411EFB1A3D006A1E7E /* Assets.xcassets */ = {isa = PBXFileReference; lastKnownFileType = folder.assetcatalog; path = Assets.xcassets; sourceTree = "<group>"; };
		13FC86441EFB1A3D006A1E7E /* Base */ = {isa = PBXFileReference; lastKnownFileType = file.storyboard; name = Base; path = Base.lproj/LaunchScreen.storyboard; sourceTree = "<group>"; };
		13FC86461EFB1A3D006A1E7E /* Info.plist */ = {isa = PBXFileReference; lastKnownFileType = text.plist.xml; path = Info.plist; sourceTree = "<group>"; };
		13FC864C1EFB2DBF006A1E7E /* MovieTableViewController.swift */ = {isa = PBXFileReference; fileEncoding = 4; lastKnownFileType = sourcecode.swift; path = MovieTableViewController.swift; sourceTree = "<group>"; };
		13FC864E1EFB3054006A1E7E /* MovieTableViewCell.swift */ = {isa = PBXFileReference; fileEncoding = 4; lastKnownFileType = sourcecode.swift; path = MovieTableViewCell.swift; sourceTree = "<group>"; };
		13FC86501EFB3145006A1E7E /* Movie.swift */ = {isa = PBXFileReference; fileEncoding = 4; lastKnownFileType = sourcecode.swift; path = Movie.swift; sourceTree = "<group>"; };
		13FC867F1F040F0B006A1E7E /* Base */ = {isa = PBXFileReference; lastKnownFileType = file.storyboard; name = Base; path = "Movie Helper/Base.lproj/Main.storyboard"; sourceTree = "<group>"; };
		13FC86811F041B63006A1E7E /* MovieDetailViewController.swift */ = {isa = PBXFileReference; fileEncoding = 4; lastKnownFileType = sourcecode.swift; path = MovieDetailViewController.swift; sourceTree = "<group>"; };
		13FC86831F042011006A1E7E /* MovieDetailTableViewCell.swift */ = {isa = PBXFileReference; fileEncoding = 4; lastKnownFileType = sourcecode.swift; path = MovieDetailTableViewCell.swift; sourceTree = "<group>"; };
		13FC86851F04868C006A1E7E /* CityTableViewController.swift */ = {isa = PBXFileReference; fileEncoding = 4; lastKnownFileType = sourcecode.swift; path = CityTableViewController.swift; sourceTree = "<group>"; };
		13FC86891F049396006A1E7E /* TimetableTableViewController.swift */ = {isa = PBXFileReference; fileEncoding = 4; lastKnownFileType = sourcecode.swift; path = TimetableTableViewController.swift; sourceTree = "<group>"; };
		13FC868B1F0D2EDF006A1E7E /* MovieDetailMoreTableViewController.swift */ = {isa = PBXFileReference; fileEncoding = 4; lastKnownFileType = sourcecode.swift; path = MovieDetailMoreTableViewController.swift; sourceTree = "<group>"; };
		13FC868D1F0D387E006A1E7E /* MovieDetailMoreTableViewCell.swift */ = {isa = PBXFileReference; fileEncoding = 4; lastKnownFileType = sourcecode.swift; path = MovieDetailMoreTableViewCell.swift; sourceTree = "<group>"; };
		13FC868F1F0E6F74006A1E7E /* Choose.swift */ = {isa = PBXFileReference; fileEncoding = 4; lastKnownFileType = sourcecode.swift; path = Choose.swift; sourceTree = "<group>"; };
		13FC86911F0E8643006A1E7E /* Theater.swift */ = {isa = PBXFileReference; fileEncoding = 4; lastKnownFileType = sourcecode.swift; path = Theater.swift; sourceTree = "<group>"; };
		13FC86931F0E88D8006A1E7E /* City.swift */ = {isa = PBXFileReference; fileEncoding = 4; lastKnownFileType = sourcecode.swift; path = City.swift; sourceTree = "<group>"; };
		13FC86971F0F76E6006A1E7E /* MovieVersionTableViewController.swift */ = {isa = PBXFileReference; fileEncoding = 4; lastKnownFileType = sourcecode.swift; path = MovieVersionTableViewController.swift; sourceTree = "<group>"; };
		13FC869B1F0F84DD006A1E7E /* MapViewController.swift */ = {isa = PBXFileReference; fileEncoding = 4; lastKnownFileType = sourcecode.swift; path = MapViewController.swift; sourceTree = "<group>"; };
		13FC869D1F10C1E3006A1E7E /* TheaterChooserViewController.swift */ = {isa = PBXFileReference; fileEncoding = 4; lastKnownFileType = sourcecode.swift; path = TheaterChooserViewController.swift; sourceTree = "<group>"; };
		13FC869F1F113366006A1E7E /* TimetableViewController.swift */ = {isa = PBXFileReference; fileEncoding = 4; lastKnownFileType = sourcecode.swift; path = TimetableViewController.swift; sourceTree = "<group>"; };
		13FC86A11F115311006A1E7E /* TimetableTableViewCell.swift */ = {isa = PBXFileReference; fileEncoding = 4; lastKnownFileType = sourcecode.swift; path = TimetableTableViewCell.swift; sourceTree = "<group>"; };
		13FC86A31F120D8A006A1E7E /* Timetable.swift */ = {isa = PBXFileReference; fileEncoding = 4; lastKnownFileType = sourcecode.swift; path = Timetable.swift; sourceTree = "<group>"; };
/* End PBXFileReference section */

/* Begin PBXFrameworksBuildPhase section */
		13FC86311EFB1A3D006A1E7E /* Frameworks */ = {
			isa = PBXFrameworksBuildPhase;
			buildActionMask = 2147483647;
			files = (
				13EAFB4E1F12874A0039D016 /* CoreLocation.framework in Frameworks */,
			);
			runOnlyForDeploymentPostprocessing = 0;
		};
/* End PBXFrameworksBuildPhase section */

/* Begin PBXGroup section */
		13FC862B1EFB1A3D006A1E7E = {
			isa = PBXGroup;
			children = (
				13FC86361EFB1A3D006A1E7E /* Movie Helper */,
				13FC86351EFB1A3D006A1E7E /* Products */,
				13FC86A51F125475006A1E7E /* Frameworks */,
			);
			sourceTree = "<group>";
		};
		13FC86351EFB1A3D006A1E7E /* Products */ = {
			isa = PBXGroup;
			children = (
				13FC86341EFB1A3D006A1E7E /* Movie Helper.app */,
			);
			name = Products;
			sourceTree = "<group>";
		};
		13FC86361EFB1A3D006A1E7E /* Movie Helper */ = {
			isa = PBXGroup;
			children = (
				13FC86461EFB1A3D006A1E7E /* Info.plist */,
				13FC86371EFB1A3D006A1E7E /* AppDelegate.swift */,
				13FC868F1F0E6F74006A1E7E /* Choose.swift */,
				13FC86931F0E88D8006A1E7E /* City.swift */,
				13FC86851F04868C006A1E7E /* CityTableViewController.swift */,
				13FC86501EFB3145006A1E7E /* Movie.swift */,
				13FC868D1F0D387E006A1E7E /* MovieDetailMoreTableViewCell.swift */,
				13FC868B1F0D2EDF006A1E7E /* MovieDetailMoreTableViewController.swift */,
				13FC86831F042011006A1E7E /* MovieDetailTableViewCell.swift */,
				13FC86811F041B63006A1E7E /* MovieDetailViewController.swift */,
				13FC864E1EFB3054006A1E7E /* MovieTableViewCell.swift */,
				13FC864C1EFB2DBF006A1E7E /* MovieTableViewController.swift */,
				13FC86971F0F76E6006A1E7E /* MovieVersionTableViewController.swift */,
				13FC86911F0E8643006A1E7E /* Theater.swift */,
				13FC86891F049396006A1E7E /* TimetableTableViewController.swift */,
				13FC86411EFB1A3D006A1E7E /* Assets.xcassets */,
				13FC86431EFB1A3D006A1E7E /* LaunchScreen.storyboard */,
				13FC867E1F040F0B006A1E7E /* Main.storyboard */,
				13FC863E1EFB1A3D006A1E7E /* Movie_Helper.xcdatamodeld */,
				13FC869B1F0F84DD006A1E7E /* MapViewController.swift */,
				13FC869D1F10C1E3006A1E7E /* TheaterChooserViewController.swift */,
				13FC869F1F113366006A1E7E /* TimetableViewController.swift */,
				13FC86A11F115311006A1E7E /* TimetableTableViewCell.swift */,
				13FC86A31F120D8A006A1E7E /* Timetable.swift */,
				13E072B51F1D3F39000421B6 /* GoSetDTViewController.swift */,
				13E072B71F1D5805000421B6 /* GoSetTimeViewController.swift */,
			);
			path = "Movie Helper";
			sourceTree = "<group>";
		};
		13FC86A51F125475006A1E7E /* Frameworks */ = {
			isa = PBXGroup;
			children = (
				13EAFB4D1F12874A0039D016 /* CoreLocation.framework */,
			);
			name = Frameworks;
			sourceTree = "<group>";
		};
/* End PBXGroup section */

/* Begin PBXNativeTarget section */
		13FC86331EFB1A3D006A1E7E /* Movie Helper */ = {
			isa = PBXNativeTarget;
			buildConfigurationList = 13FC86491EFB1A3D006A1E7E /* Build configuration list for PBXNativeTarget "Movie Helper" */;
			buildPhases = (
				13FC86301EFB1A3D006A1E7E /* Sources */,
				13FC86311EFB1A3D006A1E7E /* Frameworks */,
				13FC86321EFB1A3D006A1E7E /* Resources */,
			);
			buildRules = (
			);
			dependencies = (
			);
			name = "Movie Helper";
			productName = "Movie Helper";
			productReference = 13FC86341EFB1A3D006A1E7E /* Movie Helper.app */;
			productType = "com.apple.product-type.application";
		};
/* End PBXNativeTarget section */

/* Begin PBXProject section */
		13FC862C1EFB1A3D006A1E7E /* Project object */ = {
			isa = PBXProject;
			attributes = {
				LastSwiftUpdateCheck = 0820;
				LastUpgradeCheck = 0820;
				ORGANIZATIONNAME = Canis;
				TargetAttributes = {
					13FC86331EFB1A3D006A1E7E = {
						CreatedOnToolsVersion = 8.2.1;
						DevelopmentTeam = E6TUTZ3QBB;
						ProvisioningStyle = Automatic;
						SystemCapabilities = {
							com.apple.Maps.iOS = {
								enabled = 0;
							};
						};
					};
				};
			};
			buildConfigurationList = 13FC862F1EFB1A3D006A1E7E /* Build configuration list for PBXProject "Movie Helper" */;
			compatibilityVersion = "Xcode 3.2";
			developmentRegion = English;
			hasScannedForEncodings = 0;
			knownRegions = (
				en,
				Base,
			);
			mainGroup = 13FC862B1EFB1A3D006A1E7E;
			productRefGroup = 13FC86351EFB1A3D006A1E7E /* Products */;
			projectDirPath = "";
			projectRoot = "";
			targets = (
				13FC86331EFB1A3D006A1E7E /* Movie Helper */,
			);
		};
/* End PBXProject section */

/* Begin PBXResourcesBuildPhase section */
		13FC86321EFB1A3D006A1E7E /* Resources */ = {
			isa = PBXResourcesBuildPhase;
			buildActionMask = 2147483647;
			files = (
				13FC86801F040F0B006A1E7E /* Main.storyboard in Resources */,
				13FC86451EFB1A3D006A1E7E /* LaunchScreen.storyboard in Resources */,
				13FC86421EFB1A3D006A1E7E /* Assets.xcassets in Resources */,
			);
			runOnlyForDeploymentPostprocessing = 0;
		};
/* End PBXResourcesBuildPhase section */

/* Begin PBXSourcesBuildPhase section */
		13FC86301EFB1A3D006A1E7E /* Sources */ = {
			isa = PBXSourcesBuildPhase;
			buildActionMask = 2147483647;
			files = (
				13FC86A21F115311006A1E7E /* TimetableTableViewCell.swift in Sources */,
				13FC86A41F120D8A006A1E7E /* Timetable.swift in Sources */,
				13FC864D1EFB2DBF006A1E7E /* MovieTableViewController.swift in Sources */,
				13FC868A1F049396006A1E7E /* TimetableTableViewController.swift in Sources */,
				13E072B81F1D5805000421B6 /* GoSetTimeViewController.swift in Sources */,
				13FC86401EFB1A3D006A1E7E /* Movie_Helper.xcdatamodeld in Sources */,
				13FC86921F0E8643006A1E7E /* Theater.swift in Sources */,
				13E072B61F1D3F39000421B6 /* GoSetDTViewController.swift in Sources */,
				13FC864F1EFB3054006A1E7E /* MovieTableViewCell.swift in Sources */,
				13FC86381EFB1A3D006A1E7E /* AppDelegate.swift in Sources */,
				13FC86821F041B63006A1E7E /* MovieDetailViewController.swift in Sources */,
				13FC86841F042011006A1E7E /* MovieDetailTableViewCell.swift in Sources */,
				13FC86511EFB3145006A1E7E /* Movie.swift in Sources */,
				13FC868C1F0D2EE0006A1E7E /* MovieDetailMoreTableViewController.swift in Sources */,
				13FC86941F0E88D8006A1E7E /* City.swift in Sources */,
				13FC868E1F0D387E006A1E7E /* MovieDetailMoreTableViewCell.swift in Sources */,
				13FC86981F0F76E6006A1E7E /* MovieVersionTableViewController.swift in Sources */,
				13FC869E1F10C1E3006A1E7E /* TheaterChooserViewController.swift in Sources */,
				13FC86861F04868C006A1E7E /* CityTableViewController.swift in Sources */,
				13FC86901F0E6F74006A1E7E /* Choose.swift in Sources */,
				13FC86A01F113366006A1E7E /* TimetableViewController.swift in Sources */,
				13FC869C1F0F84DD006A1E7E /* MapViewController.swift in Sources */,
			);
			runOnlyForDeploymentPostprocessing = 0;
		};
/* End PBXSourcesBuildPhase section */

/* Begin PBXVariantGroup section */
		13FC86431EFB1A3D006A1E7E /* LaunchScreen.storyboard */ = {
			isa = PBXVariantGroup;
			children = (
				13FC86441EFB1A3D006A1E7E /* Base */,
			);
			name = LaunchScreen.storyboard;
			sourceTree = "<group>";
		};
		13FC867E1F040F0B006A1E7E /* Main.storyboard */ = {
			isa = PBXVariantGroup;
			children = (
				13FC867F1F040F0B006A1E7E /* Base */,
			);
			name = Main.storyboard;
			path = ..;
			sourceTree = "<group>";
		};
/* End PBXVariantGroup section */

/* Begin XCBuildConfiguration section */
		13FC86471EFB1A3D006A1E7E /* Debug */ = {
			isa = XCBuildConfiguration;
			buildSettings = {
				ALWAYS_SEARCH_USER_PATHS = NO;
				CLANG_ANALYZER_NONNULL = YES;
				CLANG_CXX_LANGUAGE_STANDARD = "gnu++0x";
				CLANG_CXX_LIBRARY = "libc++";
				CLANG_ENABLE_MODULES = YES;
				CLANG_ENABLE_OBJC_ARC = YES;
				CLANG_WARN_BOOL_CONVERSION = YES;
				CLANG_WARN_CONSTANT_CONVERSION = YES;
				CLANG_WARN_DIRECT_OBJC_ISA_USAGE = YES_ERROR;
				CLANG_WARN_DOCUMENTATION_COMMENTS = YES;
				CLANG_WARN_EMPTY_BODY = YES;
				CLANG_WARN_ENUM_CONVERSION = YES;
				CLANG_WARN_INFINITE_RECURSION = YES;
				CLANG_WARN_INT_CONVERSION = YES;
				CLANG_WARN_OBJC_ROOT_CLASS = YES_ERROR;
				CLANG_WARN_SUSPICIOUS_MOVE = YES;
				CLANG_WARN_UNREACHABLE_CODE = YES;
				CLANG_WARN__DUPLICATE_METHOD_MATCH = YES;
				"CODE_SIGN_IDENTITY[sdk=iphoneos*]" = "iPhone Developer";
				COPY_PHASE_STRIP = NO;
				DEBUG_INFORMATION_FORMAT = dwarf;
				ENABLE_STRICT_OBJC_MSGSEND = YES;
				ENABLE_TESTABILITY = YES;
				GCC_C_LANGUAGE_STANDARD = gnu99;
				GCC_DYNAMIC_NO_PIC = NO;
				GCC_NO_COMMON_BLOCKS = YES;
				GCC_OPTIMIZATION_LEVEL = 0;
				GCC_PREPROCESSOR_DEFINITIONS = (
					"DEBUG=1",
					"$(inherited)",
				);
				GCC_WARN_64_TO_32_BIT_CONVERSION = YES;
				GCC_WARN_ABOUT_RETURN_TYPE = YES_ERROR;
				GCC_WARN_UNDECLARED_SELECTOR = YES;
				GCC_WARN_UNINITIALIZED_AUTOS = YES_AGGRESSIVE;
				GCC_WARN_UNUSED_FUNCTION = YES;
				GCC_WARN_UNUSED_VARIABLE = YES;
				IPHONEOS_DEPLOYMENT_TARGET = 10.2;
				MTL_ENABLE_DEBUG_INFO = YES;
				ONLY_ACTIVE_ARCH = YES;
				SDKROOT = iphoneos;
				SWIFT_ACTIVE_COMPILATION_CONDITIONS = DEBUG;
				SWIFT_OPTIMIZATION_LEVEL = "-Onone";
				TARGETED_DEVICE_FAMILY = "1,2";
			};
			name = Debug;
		};
		13FC86481EFB1A3D006A1E7E /* Release */ = {
			isa = XCBuildConfiguration;
			buildSettings = {
				ALWAYS_SEARCH_USER_PATHS = NO;
				CLANG_ANALYZER_NONNULL = YES;
				CLANG_CXX_LANGUAGE_STANDARD = "gnu++0x";
				CLANG_CXX_LIBRARY = "libc++";
				CLANG_ENABLE_MODULES = YES;
				CLANG_ENABLE_OBJC_ARC = YES;
				CLANG_WARN_BOOL_CONVERSION = YES;
				CLANG_WARN_CONSTANT_CONVERSION = YES;
				CLANG_WARN_DIRECT_OBJC_ISA_USAGE = YES_ERROR;
				CLANG_WARN_DOCUMENTATION_COMMENTS = YES;
				CLANG_WARN_EMPTY_BODY = YES;
				CLANG_WARN_ENUM_CONVERSION = YES;
				CLANG_WARN_INFINITE_RECURSION = YES;
				CLANG_WARN_INT_CONVERSION = YES;
				CLANG_WARN_OBJC_ROOT_CLASS = YES_ERROR;
				CLANG_WARN_SUSPICIOUS_MOVE = YES;
				CLANG_WARN_UNREACHABLE_CODE = YES;
				CLANG_WARN__DUPLICATE_METHOD_MATCH = YES;
				"CODE_SIGN_IDENTITY[sdk=iphoneos*]" = "iPhone Developer";
				COPY_PHASE_STRIP = NO;
				DEBUG_INFORMATION_FORMAT = "dwarf-with-dsym";
				ENABLE_NS_ASSERTIONS = NO;
				ENABLE_STRICT_OBJC_MSGSEND = YES;
				GCC_C_LANGUAGE_STANDARD = gnu99;
				GCC_NO_COMMON_BLOCKS = YES;
				GCC_WARN_64_TO_32_BIT_CONVERSION = YES;
				GCC_WARN_ABOUT_RETURN_TYPE = YES_ERROR;
				GCC_WARN_UNDECLARED_SELECTOR = YES;
				GCC_WARN_UNINITIALIZED_AUTOS = YES_AGGRESSIVE;
				GCC_WARN_UNUSED_FUNCTION = YES;
				GCC_WARN_UNUSED_VARIABLE = YES;
				IPHONEOS_DEPLOYMENT_TARGET = 10.2;
				MTL_ENABLE_DEBUG_INFO = NO;
				SDKROOT = iphoneos;
				SWIFT_OPTIMIZATION_LEVEL = "-Owholemodule";
				TARGETED_DEVICE_FAMILY = "1,2";
				VALIDATE_PRODUCT = YES;
			};
			name = Release;
		};
		13FC864A1EFB1A3D006A1E7E /* Debug */ = {
			isa = XCBuildConfiguration;
			buildSettings = {
				ASSETCATALOG_COMPILER_APPICON_NAME = AppIcon;
				ASSETCATALOG_COMPILER_LAUNCHIMAGE_NAME = LaunchImage;
				"CODE_SIGN_IDENTITY[sdk=iphoneos*]" = "iPhone Developer";
				DEVELOPMENT_TEAM = E6TUTZ3QBB;
				INFOPLIST_FILE = "Movie Helper/Info.plist";
				LD_RUNPATH_SEARCH_PATHS = "$(inherited) @executable_path/Frameworks";
				PRODUCT_BUNDLE_IDENTIFIER = "Canis.Movie-Helper";
				PRODUCT_NAME = "$(TARGET_NAME)";
				SWIFT_VERSION = 3.0;
			};
			name = Debug;
		};
		13FC864B1EFB1A3D006A1E7E /* Release */ = {
			isa = XCBuildConfiguration;
			buildSettings = {
				ASSETCATALOG_COMPILER_APPICON_NAME = AppIcon;
				ASSETCATALOG_COMPILER_LAUNCHIMAGE_NAME = LaunchImage;
				"CODE_SIGN_IDENTITY[sdk=iphoneos*]" = "iPhone Developer";
				DEVELOPMENT_TEAM = E6TUTZ3QBB;
				INFOPLIST_FILE = "Movie Helper/Info.plist";
				LD_RUNPATH_SEARCH_PATHS = "$(inherited) @executable_path/Frameworks";
				PRODUCT_BUNDLE_IDENTIFIER = "Canis.Movie-Helper";
				PRODUCT_NAME = "$(TARGET_NAME)";
				SWIFT_VERSION = 3.0;
			};
			name = Release;
		};
/* End XCBuildConfiguration section */

/* Begin XCConfigurationList section */
		13FC862F1EFB1A3D006A1E7E /* Build configuration list for PBXProject "Movie Helper" */ = {
			isa = XCConfigurationList;
			buildConfigurations = (
				13FC86471EFB1A3D006A1E7E /* Debug */,
				13FC86481EFB1A3D006A1E7E /* Release */,
			);
			defaultConfigurationIsVisible = 0;
			defaultConfigurationName = Release;
		};
		13FC86491EFB1A3D006A1E7E /* Build configuration list for PBXNativeTarget "Movie Helper" */ = {
			isa = XCConfigurationList;
			buildConfigurations = (
				13FC864A1EFB1A3D006A1E7E /* Debug */,
				13FC864B1EFB1A3D006A1E7E /* Release */,
			);
			defaultConfigurationIsVisible = 0;
			defaultConfigurationName = Release;
		};
/* End XCConfigurationList section */

/* Begin XCVersionGroup section */
		13FC863E1EFB1A3D006A1E7E /* Movie_Helper.xcdatamodeld */ = {
			isa = XCVersionGroup;
			children = (
				13FC863F1EFB1A3D006A1E7E /* Movie_Helper.xcdatamodel */,
			);
			currentVersion = 13FC863F1EFB1A3D006A1E7E /* Movie_Helper.xcdatamodel */;
			path = Movie_Helper.xcdatamodeld;
			sourceTree = "<group>";
			versionGroupType = wrapper.xcdatamodel;
		};
/* End XCVersionGroup section */
	};
	rootObject = 13FC862C1EFB1A3D006A1E7E /* Project object */;
}
